Microsoft Visual Studio Solution File, Format Version 12.00
# Visual Studio Version 17
VisualStudioVersion = 17.12.35527.113 d17.12
MinimumVisualStudioVersion = 10.0.40219.1
Project("{FAE04EC0-301F-11D3-BF4B-00C04F79EFBC}") = "AspireBestPractice.AppHost", "AspireBestPractice.AppHost\AspireBestPractice.AppHost.csproj", "{D8FAF6EF-541D-44C4-AAC3-544E4D6E144E}"
EndProject
Project("{FAE04EC0-301F-11D3-BF4B-00C04F79EFBC}") = "AspireBestPractice.ServiceDefaults", "AspireBestPractice.ServiceDefaults\AspireBestPractice.ServiceDefaults.csproj", "{94FA39AC-622B-4461-BE08-DD3283A32455}"
EndProject
Project("{FAE04EC0-301F-11D3-BF4B-00C04F79EFBC}") = "AspireBestPractice.ApiService", "AspireBestPractice.ApiService\AspireBestPractice.ApiService.csproj", "{5BF21357-2ADE-4D18-B068-0DA8A5E16FC9}"
EndProject
Project("{FAE04EC0-301F-11D3-BF4B-00C04F79EFBC}") = "AspireBestPractice.Web", "AspireBestPractice.Web\AspireBestPractice.Web.csproj", "{14ED9FAD-2371-4C60-92B8-63B48414F7B9}"
EndProject
Project("{FAE04EC0-301F-11D3-BF4B-00C04F79EFBC}") = "AspireBestPractice.Tests", "AspireBestPractice.Tests\AspireBestPractice.Tests.csproj", "{DD4951C5-B901-4D56-9204-D6617F9A092E}"
EndProject
Global
	GlobalSection(SolutionConfigurationPlatforms) = preSolution
		Debug|Any CPU = Debug|Any CPU
		Release|Any CPU = Release|Any CPU
	EndGlobalSection
	GlobalSection(ProjectConfigurationPlatforms) = postSolution
		{D8FAF6EF-541D-44C4-AAC3-544E4D6E144E}.Debug|Any CPU.ActiveCfg = Debug|Any CPU
		{D8FAF6EF-541D-44C4-AAC3-544E4D6E144E}.Debug|Any CPU.Build.0 = Debug|Any CPU
		{D8FAF6EF-541D-44C4-AAC3-544E4D6E144E}.Release|Any CPU.ActiveCfg = Release|Any CPU
		{D8FAF6EF-541D-44C4-AAC3-544E4D6E144E}.Release|Any CPU.Build.0 = Release|Any CPU
		{94FA39AC-622B-4461-BE08-DD3283A32455}.Debug|Any CPU.ActiveCfg = Debug|Any CPU
		{94FA39AC-622B-4461-BE08-DD3283A32455}.Debug|Any CPU.Build.0 = Debug|Any CPU
		{94FA39AC-622B-4461-BE08-DD3283A32455}.Release|Any CPU.ActiveCfg = Release|Any CPU
		{94FA39AC-622B-4461-BE08-DD3283A32455}.Release|Any CPU.Build.0 = Release|Any CPU
		{5BF21357-2ADE-4D18-B068-0DA8A5E16FC9}.Debug|Any CPU.ActiveCfg = Debug|Any CPU
		{5BF21357-2ADE-4D18-B068-0DA8A5E16FC9}.Debug|Any CPU.Build.0 = Debug|Any CPU
		{5BF21357-2ADE-4D18-B068-0DA8A5E16FC9}.Release|Any CPU.ActiveCfg = Release|Any CPU
		{5BF21357-2ADE-4D18-B068-0DA8A5E16FC9}.Release|Any CPU.Build.0 = Release|Any CPU
		{14ED9FAD-2371-4C60-92B8-63B48414F7B9}.Debug|Any CPU.ActiveCfg = Debug|Any CPU
		{14ED9FAD-2371-4C60-92B8-63B48414F7B9}.Debug|Any CPU.Build.0 = Debug|Any CPU
		{14ED9FAD-2371-4C60-92B8-63B48414F7B9}.Release|Any CPU.ActiveCfg = Release|Any CPU
		{14ED9FAD-2371-4C60-92B8-63B48414F7B9}.Release|Any CPU.Build.0 = Release|Any CPU
		{DD4951C5-B901-4D56-9204-D6617F9A092E}.Debug|Any CPU.ActiveCfg = Debug|Any CPU
		{DD4951C5-B901-4D56-9204-D6617F9A092E}.Debug|Any CPU.Build.0 = Debug|Any CPU
		{DD4951C5-B901-4D56-9204-D6617F9A092E}.Release|Any CPU.ActiveCfg = Release|Any CPU
		{DD4951C5-B901-4D56-9204-D6617F9A092E}.Release|Any CPU.Build.0 = Release|Any CPU
	EndGlobalSection
	GlobalSection(SolutionProperties) = preSolution
		HideSolutionNode = FALSE
	EndGlobalSection
EndGlobal
