Microsoft Visual Studio Solution File, Format Version 12.00
# Visual Studio Version 17
VisualStudioVersion = 17.12.35527.113
MinimumVisualStudioVersion = 10.0.40219.1
Project("{FAE04EC0-301F-11D3-BF4B-00C04F79EFBC}") = "AspireBestPractice.AppHost", "AspireBestPractice.AppHost\AspireBestPractice.AppHost.csproj", "{D8FAF6EF-541D-44C4-AAC3-544E4D6E144E}"
EndProject
Project("{FAE04EC0-301F-11D3-BF4B-00C04F79EFBC}") = "AspireBestPractice.ServiceDefaults", "AspireBestPractice.ServiceDefaults\AspireBestPractice.ServiceDefaults.csproj", "{94FA39AC-622B-4461-BE08-DD3283A32455}"
EndProject
Project("{FAE04EC0-301F-11D3-BF4B-00C04F79EFBC}") = "AspireBestPractice.ApiService", "AspireBestPractice.ApiService\AspireBestPractice.ApiService.csproj", "{5BF21357-2ADE-4D18-B068-0DA8A5E16FC9}"
EndProject
Project("{FAE04EC0-301F-11D3-BF4B-00C04F79EFBC}") = "AspireBestPractice.Web", "AspireBestPractice.Web\AspireBestPractice.Web.csproj", "{14ED9FAD-2371-4C60-92B8-63B48414F7B9}"
EndProject
Project("{FAE04EC0-301F-11D3-BF4B-00C04F79EFBC}") = "AspireBestPractice.Tests", "AspireBestPractice.Tests\AspireBestPractice.Tests.csproj", "{DD4951C5-B901-4D56-9204-D6617F9A092E}"
EndProject
Project("{2150E333-8FDC-42A3-9474-1A3956D46DE8}") = "src", "src", "{2C12CFE6-492B-4665-9EB6-B1A08A33F7C5}"
EndProject
Project("{2150E333-8FDC-42A3-9474-1A3956D46DE8}") = "Solution Items", "Solution Items", "{CEE2B019-08FE-40BD-9B03-1687EEAE3CF8}"
	ProjectSection(SolutionItems) = preProject
		README.md = README.md
	EndProjectSection
EndProject
Project("{2150E333-8FDC-42A3-9474-1A3956D46DE8}") = "test", "test", "{C5CFDE73-E8BA-44D1-9DA8-FFD36010836B}"
EndProject
Project("{FAE04EC0-301F-11D3-BF4B-00C04F79EFBC}") = "ProductApi.Application", "src\ProductApi.Application\ProductApi.Application.csproj", "{C7950970-AB2D-4D7E-83E4-4AA218A8B8A3}"
EndProject
Project("{FAE04EC0-301F-11D3-BF4B-00C04F79EFBC}") = "ProductApi.Domain", "src\ProductApi.Domain\ProductApi.Domain.csproj", "{880C7D57-6604-442C-92C5-54B1BD860DFB}"
EndProject
Project("{FAE04EC0-301F-11D3-BF4B-00C04F79EFBC}") = "ProductApi.Infrastructure", "src\ProductApi.Infrastructure\ProductApi.Infrastructure.csproj", "{47814009-29D4-46F9-B77D-06ACE5970C03}"
EndProject
Project("{FAE04EC0-301F-11D3-BF4B-00C04F79EFBC}") = "ProductApi.Web", "src\ProductApi.Web\ProductApi.Web.csproj", "{FA6C5604-3307-4E7E-A4B0-1D94778480D0}"
EndProject
Global
	GlobalSection(SolutionConfigurationPlatforms) = preSolution
		Debug|Any CPU = Debug|Any CPU
		Release|Any CPU = Release|Any CPU
	EndGlobalSection
	GlobalSection(ProjectConfigurationPlatforms) = postSolution
		{D8FAF6EF-541D-44C4-AAC3-544E4D6E144E}.Debug|Any CPU.ActiveCfg = Debug|Any CPU
		{D8FAF6EF-541D-44C4-AAC3-544E4D6E144E}.Debug|Any CPU.Build.0 = Debug|Any CPU
		{D8FAF6EF-541D-44C4-AAC3-544E4D6E144E}.Release|Any CPU.ActiveCfg = Release|Any CPU
		{D8FAF6EF-541D-44C4-AAC3-544E4D6E144E}.Release|Any CPU.Build.0 = Release|Any CPU
		{94FA39AC-622B-4461-BE08-DD3283A32455}.Debug|Any CPU.ActiveCfg = Debug|Any CPU
		{94FA39AC-622B-4461-BE08-DD3283A32455}.Debug|Any CPU.Build.0 = Debug|Any CPU
		{94FA39AC-622B-4461-BE08-DD3283A32455}.Release|Any CPU.ActiveCfg = Release|Any CPU
		{94FA39AC-622B-4461-BE08-DD3283A32455}.Release|Any CPU.Build.0 = Release|Any CPU
		{5BF21357-2ADE-4D18-B068-0DA8A5E16FC9}.Debug|Any CPU.ActiveCfg = Debug|Any CPU
		{5BF21357-2ADE-4D18-B068-0DA8A5E16FC9}.Debug|Any CPU.Build.0 = Debug|Any CPU
		{5BF21357-2ADE-4D18-B068-0DA8A5E16FC9}.Release|Any CPU.ActiveCfg = Release|Any CPU
		{5BF21357-2ADE-4D18-B068-0DA8A5E16FC9}.Release|Any CPU.Build.0 = Release|Any CPU
		{14ED9FAD-2371-4C60-92B8-63B48414F7B9}.Debug|Any CPU.ActiveCfg = Debug|Any CPU
		{14ED9FAD-2371-4C60-92B8-63B48414F7B9}.Debug|Any CPU.Build.0 = Debug|Any CPU
		{14ED9FAD-2371-4C60-92B8-63B48414F7B9}.Release|Any CPU.ActiveCfg = Release|Any CPU
		{14ED9FAD-2371-4C60-92B8-63B48414F7B9}.Release|Any CPU.Build.0 = Release|Any CPU
		{DD4951C5-B901-4D56-9204-D6617F9A092E}.Debug|Any CPU.ActiveCfg = Debug|Any CPU
		{DD4951C5-B901-4D56-9204-D6617F9A092E}.Debug|Any CPU.Build.0 = Debug|Any CPU
		{DD4951C5-B901-4D56-9204-D6617F9A092E}.Release|Any CPU.ActiveCfg = Release|Any CPU
		{DD4951C5-B901-4D56-9204-D6617F9A092E}.Release|Any CPU.Build.0 = Release|Any CPU
		{C7950970-AB2D-4D7E-83E4-4AA218A8B8A3}.Debug|Any CPU.ActiveCfg = Debug|Any CPU
		{C7950970-AB2D-4D7E-83E4-4AA218A8B8A3}.Debug|Any CPU.Build.0 = Debug|Any CPU
		{C7950970-AB2D-4D7E-83E4-4AA218A8B8A3}.Release|Any CPU.ActiveCfg = Release|Any CPU
		{C7950970-AB2D-4D7E-83E4-4AA218A8B8A3}.Release|Any CPU.Build.0 = Release|Any CPU
		{880C7D57-6604-442C-92C5-54B1BD860DFB}.Debug|Any CPU.ActiveCfg = Debug|Any CPU
		{880C7D57-6604-442C-92C5-54B1BD860DFB}.Debug|Any CPU.Build.0 = Debug|Any CPU
		{880C7D57-6604-442C-92C5-54B1BD860DFB}.Release|Any CPU.ActiveCfg = Release|Any CPU
		{880C7D57-6604-442C-92C5-54B1BD860DFB}.Release|Any CPU.Build.0 = Release|Any CPU
		{47814009-29D4-46F9-B77D-06ACE5970C03}.Debug|Any CPU.ActiveCfg = Debug|Any CPU
		{47814009-29D4-46F9-B77D-06ACE5970C03}.Debug|Any CPU.Build.0 = Debug|Any CPU
		{47814009-29D4-46F9-B77D-06ACE5970C03}.Release|Any CPU.ActiveCfg = Release|Any CPU
		{47814009-29D4-46F9-B77D-06ACE5970C03}.Release|Any CPU.Build.0 = Release|Any CPU
		{FA6C5604-3307-4E7E-A4B0-1D94778480D0}.Debug|Any CPU.ActiveCfg = Debug|Any CPU
		{FA6C5604-3307-4E7E-A4B0-1D94778480D0}.Debug|Any CPU.Build.0 = Debug|Any CPU
		{FA6C5604-3307-4E7E-A4B0-1D94778480D0}.Release|Any CPU.ActiveCfg = Release|Any CPU
		{FA6C5604-3307-4E7E-A4B0-1D94778480D0}.Release|Any CPU.Build.0 = Release|Any CPU
	EndGlobalSection
	GlobalSection(SolutionProperties) = preSolution
		HideSolutionNode = FALSE
	EndGlobalSection
	GlobalSection(NestedProjects) = preSolution
		{C7950970-AB2D-4D7E-83E4-4AA218A8B8A3} = {2C12CFE6-492B-4665-9EB6-B1A08A33F7C5}
		{880C7D57-6604-442C-92C5-54B1BD860DFB} = {2C12CFE6-492B-4665-9EB6-B1A08A33F7C5}
		{47814009-29D4-46F9-B77D-06ACE5970C03} = {2C12CFE6-492B-4665-9EB6-B1A08A33F7C5}
		{FA6C5604-3307-4E7E-A4B0-1D94778480D0} = {2C12CFE6-492B-4665-9EB6-B1A08A33F7C5}
	EndGlobalSection
EndGlobal
